
Microsoft Visual Studio Solution File, Format Version 12.00
# Visual Studio Version 17
VisualStudioVersion = 17.14.36301.6 d17.14
MinimumVisualStudioVersion = 10.0.40219.1
Project("{9A19103F-16F7-4668-BE54-9A1E7A4F7556}") = "Peasmod", "Peasmod\Peasmod.csproj", "{11FBC798-BAF5-4EE5-9511-BE6DB0592F99}"
EndProject
Project("{FAE04EC0-301F-11D3-BF4B-00C04F79EFBC}") = "PeasAPI", "PeasAPI\PeasAPI.csproj", "{D27A08DB-0F90-06E1-FCC2-CA94FAC0160A}"
EndProject
Global
	GlobalSection(SolutionConfigurationPlatforms) = preSolution
		Debug|Any CPU = Debug|Any CPU
		Release|Any CPU = Release|Any CPU
	EndGlobalSection
	GlobalSection(ProjectConfigurationPlatforms) = postSolution
		{11FBC798-BAF5-4EE5-9511-BE6DB0592F99}.Debug|Any CPU.ActiveCfg = Debug|Any CPU
		{11FBC798-BAF5-4EE5-9511-BE6DB0592F99}.Debug|Any CPU.Build.0 = Debug|Any CPU
		{11FBC798-BAF5-4EE5-9511-BE6DB0592F99}.Release|Any CPU.ActiveCfg = Release|Any CPU
		{11FBC798-BAF5-4EE5-9511-BE6DB0592F99}.Release|Any CPU.Build.0 = Release|Any CPU
		{D27A08DB-0F90-06E1-FCC2-CA94FAC0160A}.Debug|Any CPU.ActiveCfg = Debug|Any CPU
		{D27A08DB-0F90-06E1-FCC2-CA94FAC0160A}.Debug|Any CPU.Build.0 = Debug|Any CPU
		{D27A08DB-0F90-06E1-FCC2-CA94FAC0160A}.Release|Any CPU.ActiveCfg = Release|Any CPU
		{D27A08DB-0F90-06E1-FCC2-CA94FAC0160A}.Release|Any CPU.Build.0 = Release|Any CPU
	EndGlobalSection
	GlobalSection(SolutionProperties) = preSolution
		HideSolutionNode = FALSE
	EndGlobalSection
	GlobalSection(ExtensibilityGlobals) = postSolution
		SolutionGuid = {309BA768-382C-49D3-904E-334ACF5928FD}
	EndGlobalSection
EndGlobal
